Microsoft Visual Studio Solution File, Format Version 12.00
# Visual Studio Version 17
VisualStudioVersion = 17.5.2.0
MinimumVisualStudioVersion = 10.0.40219.1
Project("{2150E333-8FDC-42A3-9474-1A3956D46DE8}") = "hollow_wardens", "hollow_wardens", "{12556403-F0BA-19F3-4F1D-A49BDD844A30}"
EndProject
Project("{2150E333-8FDC-42A3-9474-1A3956D46DE8}") = "src", "src", "{827E0CD3-B72D-47B6-A68D-7590B98EB39B}"
EndProject
Project("{FAE04EC0-301F-11D3-BF4B-00C04F79EFBC}") = "HollowWardens", "hollow_wardens\HollowWardens.csproj", "{B2ED22B3-A903-635D-0492-34F5461F7AF2}"
EndProject
Project("{FAE04EC0-301F-11D3-BF4B-00C04F79EFBC}") = "HollowWardens.Core", "src\HollowWardens.Core\HollowWardens.Core.csproj", "{4A17311F-97D3-2F4A-AA47-CC72A67882B6}"
EndProject
Project("{FAE04EC0-301F-11D3-BF4B-00C04F79EFBC}") = "HollowWardens.Tests", "src\HollowWardens.Tests\HollowWardens.Tests.csproj", "{0249F787-2104-45E1-0CE0-CFF5E977E17A}"
EndProject
Project("{FAE04EC0-301F-11D3-BF4B-00C04F79EFBC}") = "HollowWardens.Sim", "src\HollowWardens.Sim\HollowWardens.Sim.csproj", "{1E98D3A4-F7CB-4898-925C-BECE59157FFA}"
EndProject
Global
	GlobalSection(SolutionConfigurationPlatforms) = preSolution
		Debug|Any CPU = Debug|Any CPU
		Release|Any CPU = Release|Any CPU
	EndGlobalSection
	GlobalSection(ProjectConfigurationPlatforms) = postSolution
		{B2ED22B3-A903-635D-0492-34F5461F7AF2}.Debug|Any CPU.ActiveCfg = Debug|Any CPU
		{B2ED22B3-A903-635D-0492-34F5461F7AF2}.Debug|Any CPU.Build.0 = Debug|Any CPU
		{B2ED22B3-A903-635D-0492-34F5461F7AF2}.Release|Any CPU.ActiveCfg = Release|Any CPU
		{B2ED22B3-A903-635D-0492-34F5461F7AF2}.Release|Any CPU.Build.0 = Release|Any CPU
		{4A17311F-97D3-2F4A-AA47-CC72A67882B6}.Debug|Any CPU.ActiveCfg = Debug|Any CPU
		{4A17311F-97D3-2F4A-AA47-CC72A67882B6}.Debug|Any CPU.Build.0 = Debug|Any CPU
		{4A17311F-97D3-2F4A-AA47-CC72A67882B6}.Release|Any CPU.ActiveCfg = Release|Any CPU
		{4A17311F-97D3-2F4A-AA47-CC72A67882B6}.Release|Any CPU.Build.0 = Release|Any CPU
		{0249F787-2104-45E1-0CE0-CFF5E977E17A}.Debug|Any CPU.ActiveCfg = Debug|Any CPU
		{0249F787-2104-45E1-0CE0-CFF5E977E17A}.Debug|Any CPU.Build.0 = Debug|Any CPU
		{0249F787-2104-45E1-0CE0-CFF5E977E17A}.Release|Any CPU.ActiveCfg = Release|Any CPU
		{0249F787-2104-45E1-0CE0-CFF5E977E17A}.Release|Any CPU.Build.0 = Release|Any CPU
		{1E98D3A4-F7CB-4898-925C-BECE59157FFA}.Debug|Any CPU.ActiveCfg = Debug|Any CPU
		{1E98D3A4-F7CB-4898-925C-BECE59157FFA}.Debug|Any CPU.Build.0 = Debug|Any CPU
		{1E98D3A4-F7CB-4898-925C-BECE59157FFA}.Release|Any CPU.ActiveCfg = Release|Any CPU
		{1E98D3A4-F7CB-4898-925C-BECE59157FFA}.Release|Any CPU.Build.0 = Release|Any CPU
	EndGlobalSection
	GlobalSection(SolutionProperties) = preSolution
		HideSolutionNode = FALSE
	EndGlobalSection
	GlobalSection(NestedProjects) = preSolution
		{B2ED22B3-A903-635D-0492-34F5461F7AF2} = {12556403-F0BA-19F3-4F1D-A49BDD844A30}
		{4A17311F-97D3-2F4A-AA47-CC72A67882B6} = {827E0CD3-B72D-47B6-A68D-7590B98EB39B}
		{0249F787-2104-45E1-0CE0-CFF5E977E17A} = {827E0CD3-B72D-47B6-A68D-7590B98EB39B}
		{1E98D3A4-F7CB-4898-925C-BECE59157FFA} = {827E0CD3-B72D-47B6-A68D-7590B98EB39B}
	EndGlobalSection
	GlobalSection(ExtensibilityGlobals) = postSolution
		SolutionGuid = {4DA44D18-45C8-40EA-BCDF-379942D0A3B6}
	EndGlobalSection
EndGlobal
